
Microsoft Visual Studio Solution File, Format Version 12.00
# Visual Studio Version 17
VisualStudioVersion = 17.6.33815.320
MinimumVisualStudioVersion = 10.0.40219.1
Project("{9A19103F-16F7-4668-BE54-9A1E7A4F7556}") = "BlazorApp1.Server", "Server\BlazorApp1.Server.csproj", "{ADB6A9D6-DAF9-4757-AD07-B66206169A18}"
EndProject
Project("{9A19103F-16F7-4668-BE54-9A1E7A4F7556}") = "BlazorApp1.Client", "Client\BlazorApp1.Client.csproj", "{060D6456-3BA3-4431-B5CD-D0B2E9E6188F}"
EndProject
Project("{9A19103F-16F7-4668-BE54-9A1E7A4F7556}") = "BlazorApp1.Shared", "Shared\BlazorApp1.Shared.csproj", "{15E50365-76C2-4E59-A188-6AA483B17CDF}"
EndProject
Global
	GlobalSection(SolutionConfigurationPlatforms) = preSolution
		Debug|Any CPU = Debug|Any CPU
		Release|Any CPU = Release|Any CPU
	EndGlobalSection
	GlobalSection(ProjectConfigurationPlatforms) = postSolution
		{ADB6A9D6-DAF9-4757-AD07-B66206169A18}.Debug|Any CPU.ActiveCfg = Debug|Any CPU
		{ADB6A9D6-DAF9-4757-AD07-B66206169A18}.Debug|Any CPU.Build.0 = Debug|Any CPU
		{ADB6A9D6-DAF9-4757-AD07-B66206169A18}.Release|Any CPU.ActiveCfg = Release|Any CPU
		{ADB6A9D6-DAF9-4757-AD07-B66206169A18}.Release|Any CPU.Build.0 = Release|Any CPU
		{060D6456-3BA3-4431-B5CD-D0B2E9E6188F}.Debug|Any CPU.ActiveCfg = Debug|Any CPU
		{060D6456-3BA3-4431-B5CD-D0B2E9E6188F}.Debug|Any CPU.Build.0 = Debug|Any CPU
		{060D6456-3BA3-4431-B5CD-D0B2E9E6188F}.Release|Any CPU.ActiveCfg = Release|Any CPU
		{060D6456-3BA3-4431-B5CD-D0B2E9E6188F}.Release|Any CPU.Build.0 = Release|Any CPU
		{15E50365-76C2-4E59-A188-6AA483B17CDF}.Debug|Any CPU.ActiveCfg = Debug|Any CPU
		{15E50365-76C2-4E59-A188-6AA483B17CDF}.Debug|Any CPU.Build.0 = Debug|Any CPU
		{15E50365-76C2-4E59-A188-6AA483B17CDF}.Release|Any CPU.ActiveCfg = Release|Any CPU
		{15E50365-76C2-4E59-A188-6AA483B17CDF}.Release|Any CPU.Build.0 = Release|Any CPU
	EndGlobalSection
	GlobalSection(SolutionProperties) = preSolution
		HideSolutionNode = FALSE
	EndGlobalSection
	GlobalSection(ExtensibilityGlobals) = postSolution
		SolutionGuid = {5C0BF1C2-53A1-478C-93E6-11155872C90F}
	EndGlobalSection
EndGlobal
